// !$*UTF8*$!
{
	archiveVersion = 1;
	classes = {
	};
	objectVersion = 56;
	objects = {

/* Begin PBXBuildFile section */
		8162BF542984434B001702FB /* LottieAnimationsTestApp.swift in Sources */ = {isa = PBXBuildFile; fileRef = 8162BF532984434B001702FB /* LottieAnimationsTestApp.swift */; };
		8162BF582984434C001702FB /* Assets.xcassets in Resources */ = {isa = PBXBuildFile; fileRef = 8162BF572984434C001702FB /* Assets.xcassets */; };
		8162BF5B2984434C001702FB /* Preview Assets.xcassets in Resources */ = {isa = PBXBuildFile; fileRef = 8162BF5A2984434C001702FB /* Preview Assets.xcassets */; };
		8162BF6629844434001702FB /* AnimationsListView.swift in Sources */ = {isa = PBXBuildFile; fileRef = 8162BF6529844434001702FB /* AnimationsListView.swift */; };
		8162BF692984444E001702FB /* LottieView.swift in Sources */ = {isa = PBXBuildFile; fileRef = 8162BF682984444E001702FB /* LottieView.swift */; };
		8162BF6C29844512001702FB /* Lottie in Frameworks */ = {isa = PBXBuildFile; productRef = 8162BF6B29844512001702FB /* Lottie */; };
		8162BF6F298445EB001702FB /* 38067-questioning.json in Resources */ = {isa = PBXBuildFile; fileRef = 8162BF6E298445EB001702FB /* 38067-questioning.json */; };
		8162BF72298446C0001702FB /* FavouriteAnimation.swift in Sources */ = {isa = PBXBuildFile; fileRef = 8162BF71298446C0001702FB /* FavouriteAnimation.swift */; };
/* End PBXBuildFile section */

/* Begin PBXFileReference section */
		8162BF502984434B001702FB /* LottieAnimationsTest.app */ = {isa = PBXFileReference; explicitFileType = wrapper.application; includeInIndex = 0; path = LottieAnimationsTest.app; sourceTree = BUILT_PRODUCTS_DIR; };
		8162BF532984434B001702FB /* LottieAnimationsTestApp.swift */ = {isa = PBXFileReference; lastKnownFileType = sourcecode.swift; path = LottieAnimationsTestApp.swift; sourceTree = "<group>"; };
		8162BF572984434C001702FB /* Assets.xcassets */ = {isa = PBXFileReference; lastKnownFileType = folder.assetcatalog; path = Assets.xcassets; sourceTree = "<group>"; };
		8162BF5A2984434C001702FB /* Preview Assets.xcassets */ = {isa = PBXFileReference; lastKnownFileType = folder.assetcatalog; path = "Preview Assets.xcassets"; sourceTree = "<group>"; };
		8162BF6529844434001702FB /* AnimationsListView.swift */ = {isa = PBXFileReference; lastKnownFileType = sourcecode.swift; path = AnimationsListView.swift; sourceTree = "<group>"; };
		8162BF682984444E001702FB /* LottieView.swift */ = {isa = PBXFileReference; lastKnownFileType = sourcecode.swift; path = LottieView.swift; sourceTree = "<group>"; };
		8162BF6E298445EB001702FB /* 38067-questioning.json */ = {isa = PBXFileReference; fileEncoding = 4; lastKnownFileType = text.json; path = "38067-questioning.json"; sourceTree = "<group>"; };
		8162BF71298446C0001702FB /* FavouriteAnimation.swift */ = {isa = PBXFileReference; lastKnownFileType = sourcecode.swift; path = FavouriteAnimation.swift; sourceTree = "<group>"; };
/* End PBXFileReference section */

/* Begin PBXFrameworksBuildPhase section */
		8162BF4D2984434B001702FB /* Frameworks */ = {
			isa = PBXFrameworksBuildPhase;
			buildActionMask = 2147483647;
			files = (
				8162BF6C29844512001702FB /* Lottie in Frameworks */,
			);
			runOnlyForDeploymentPostprocessing = 0;
		};
/* End PBXFrameworksBuildPhase section */

/* Begin PBXGroup section */
		8162BF472984434B001702FB = {
			isa = PBXGroup;
			children = (
				8162BF522984434B001702FB /* LottieAnimationsTest */,
				8162BF512984434B001702FB /* Products */,
			);
			sourceTree = "<group>";
		};
		8162BF512984434B001702FB /* Products */ = {
			isa = PBXGroup;
			children = (
				8162BF502984434B001702FB /* LottieAnimationsTest.app */,
			);
			name = Products;
			sourceTree = "<group>";
		};
		8162BF522984434B001702FB /* LottieAnimationsTest */ = {
			isa = PBXGroup;
			children = (
				8162BF532984434B001702FB /* LottieAnimationsTestApp.swift */,
				8162BF6D298445E1001702FB /* Animations */,
				8162BF702984469E001702FB /* Model */,
				8162BF642984440C001702FB /* Views */,
				8162BF572984434C001702FB /* Assets.xcassets */,
				8162BF592984434C001702FB /* Preview Content */,
			);
			path = LottieAnimationsTest;
			sourceTree = "<group>";
		};
		8162BF592984434C001702FB /* Preview Content */ = {
			isa = PBXGroup;
			children = (
				8162BF5A2984434C001702FB /* Preview Assets.xcassets */,
			);
			path = "Preview Content";
			sourceTree = "<group>";
		};
		8162BF642984440C001702FB /* Views */ = {
			isa = PBXGroup;
			children = (
				8162BF6729844442001702FB /* Helpers */,
				8162BF6529844434001702FB /* AnimationsListView.swift */,
			);
			path = Views;
			sourceTree = "<group>";
		};
		8162BF6729844442001702FB /* Helpers */ = {
			isa = PBXGroup;
			children = (
				8162BF682984444E001702FB /* LottieView.swift */,
			);
			path = Helpers;
			sourceTree = "<group>";
		};
		8162BF6D298445E1001702FB /* Animations */ = {
			isa = PBXGroup;
			children = (
				8162BF6E298445EB001702FB /* 38067-questioning.json */,
			);
			path = Animations;
			sourceTree = "<group>";
		};
		8162BF702984469E001702FB /* Model */ = {
			isa = PBXGroup;
			children = (
				8162BF71298446C0001702FB /* FavouriteAnimation.swift */,
			);
			path = Model;
			sourceTree = "<group>";
		};
/* End PBXGroup section */

/* Begin PBXNativeTarget section */
		8162BF4F2984434B001702FB /* LottieAnimationsTest */ = {
			isa = PBXNativeTarget;
			buildConfigurationList = 8162BF5E2984434C001702FB /* Build configuration list for PBXNativeTarget "LottieAnimationsTest" */;
			buildPhases = (
				8162BF4C2984434B001702FB /* Sources */,
				8162BF4D2984434B001702FB /* Frameworks */,
				8162BF4E2984434B001702FB /* Resources */,
			);
			buildRules = (
			);
			dependencies = (
			);
			name = LottieAnimationsTest;
			packageProductDependencies = (
				8162BF6B29844512001702FB /* Lottie */,
			);
			productName = LottieAnimationsTest;
			productReference = 8162BF502984434B001702FB /* LottieAnimationsTest.app */;
			productType = "com.apple.product-type.application";
		};
/* End PBXNativeTarget section */

/* Begin PBXProject section */
		8162BF482984434B001702FB /* Project object */ = {
			isa = PBXProject;
			attributes = {
				BuildIndependentTargetsInParallel = 1;
				LastSwiftUpdateCheck = 1420;
				LastUpgradeCheck = 1420;
				TargetAttributes = {
					8162BF4F2984434B001702FB = {
						CreatedOnToolsVersion = 14.2;
					};
				};
			};
			buildConfigurationList = 8162BF4B2984434B001702FB /* Build configuration list for PBXProject "LottieAnimationsTest" */;
			compatibilityVersion = "Xcode 14.0";
			developmentRegion = en;
			hasScannedForEncodings = 0;
			knownRegions = (
				en,
				Base,
			);
			mainGroup = 8162BF472984434B001702FB;
			packageReferences = (
				8162BF6A29844512001702FB /* XCRemoteSwiftPackageReference "lottie-ios" */,
			);
			productRefGroup = 8162BF512984434B001702FB /* Products */;
			projectDirPath = "";
			projectRoot = "";
			targets = (
				8162BF4F2984434B001702FB /* LottieAnimationsTest */,
			);
		};
/* End PBXProject section */

/* Begin PBXResourcesBuildPhase section */
		8162BF4E2984434B001702FB /* Resources */ = {
			isa = PBXResourcesBuildPhase;
			buildActionMask = 2147483647;
			files = (
				8162BF5B2984434C001702FB /* Preview Assets.xcassets in Resources */,
				8162BF6F298445EB001702FB /* 38067-questioning.json in Resources */,
				8162BF582984434C001702FB /* Assets.xcassets in Resources */,
			);
			runOnlyForDeploymentPostprocessing = 0;
		};
/* End PBXResourcesBuildPhase section */

/* Begin PBXSourcesBuildPhase section */
		8162BF4C2984434B001702FB /* Sources */ = {
			isa = PBXSourcesBuildPhase;
			buildActionMask = 2147483647;
			files = (
				8162BF72298446C0001702FB /* FavouriteAnimation.swift in Sources */,
				8162BF542984434B001702FB /* LottieAnimationsTestApp.swift in Sources */,
				8162BF6629844434001702FB /* AnimationsListView.swift in Sources */,
				8162BF692984444E001702FB /* LottieView.swift in Sources */,
			);
			runOnlyForDeploymentPostprocessing = 0;
		};
/* End PBXSourcesBuildPhase section */

/* Begin XCBuildConfiguration section */
		8162BF5C2984434C001702FB /* Debug */ = {
			isa = XCBuildConfiguration;
			buildSettings = {
				ALWAYS_SEARCH_USER_PATHS = NO;
				CLANG_ANALYZER_NONNULL = YES;
				CLANG_ANALYZER_NUMBER_OBJECT_CONVERSION = YES_AGGRESSIVE;
				CLANG_CXX_LANGUAGE_STANDARD = "gnu++20";
				CLANG_ENABLE_MODULES = YES;
				CLANG_ENABLE_OBJC_ARC = YES;
				CLANG_ENABLE_OBJC_WEAK = YES;
				CLANG_WARN_BLOCK_CAPTURE_AUTORELEASING = YES;
				CLANG_WARN_BOOL_CONVERSION = YES;
				CLANG_WARN_COMMA = YES;
				CLANG_WARN_CONSTANT_CONVERSION = YES;
				CLANG_WARN_DEPRECATED_OBJC_IMPLEMENTATIONS = YES;
				CLANG_WARN_DIRECT_OBJC_ISA_USAGE = YES_ERROR;
				CLANG_WARN_DOCUMENTATION_COMMENTS = YES;
				CLANG_WARN_EMPTY_BODY = YES;
				CLANG_WARN_ENUM_CONVERSION = YES;
				CLANG_WARN_INFINITE_RECURSION = YES;
				CLANG_WARN_INT_CONVERSION = YES;
				CLANG_WARN_NON_LITERAL_NULL_CONVERSION = YES;
				CLANG_WARN_OBJC_IMPLICIT_RETAIN_SELF = YES;
				CLANG_WARN_OBJC_LITERAL_CONVERSION = YES;
				CLANG_WARN_OBJC_ROOT_CLASS = YES_ERROR;
				CLANG_WARN_QUOTED_INCLUDE_IN_FRAMEWORK_HEADER = YES;
				CLANG_WARN_RANGE_LOOP_ANALYSIS = YES;
				CLANG_WARN_STRICT_PROTOTYPES = YES;
				CLANG_WARN_SUSPICIOUS_MOVE = YES;
				CLANG_WARN_UNGUARDED_AVAILABILITY = YES_AGGRESSIVE;
				CLANG_WARN_UNREACHABLE_CODE = YES;
				CLANG_WARN__DUPLICATE_METHOD_MATCH = YES;
				COPY_PHASE_STRIP = NO;
				DEBUG_INFORMATION_FORMAT = dwarf;
				ENABLE_STRICT_OBJC_MSGSEND = YES;
				ENABLE_TESTABILITY = YES;
				GCC_C_LANGUAGE_STANDARD = gnu11;
				GCC_DYNAMIC_NO_PIC = NO;
				GCC_NO_COMMON_BLOCKS = YES;
				GCC_OPTIMIZATION_LEVEL = 0;
				GCC_PREPROCESSOR_DEFINITIONS = (
					"DEBUG=1",
					"$(inherited)",
				);
				GCC_WARN_64_TO_32_BIT_CONVERSION = YES;
				GCC_WARN_ABOUT_RETURN_TYPE = YES_ERROR;
				GCC_WARN_UNDECLARED_SELECTOR = YES;
				GCC_WARN_UNINITIALIZED_AUTOS = YES_AGGRESSIVE;
				GCC_WARN_UNUSED_FUNCTION = YES;
				GCC_WARN_UNUSED_VARIABLE = YES;
				IPHONEOS_DEPLOYMENT_TARGET = 16.2;
				MTL_ENABLE_DEBUG_INFO = INCLUDE_SOURCE;
				MTL_FAST_MATH = YES;
				ONLY_ACTIVE_ARCH = YES;
				SDKROOT = iphoneos;
				SWIFT_ACTIVE_COMPILATION_CONDITIONS = DEBUG;
				SWIFT_OPTIMIZATION_LEVEL = "-Onone";
			};
			name = Debug;
		};
		8162BF5D2984434C001702FB /* Release */ = {
			isa = XCBuildConfiguration;
			buildSettings = {
				ALWAYS_SEARCH_USER_PATHS = NO;
				CLANG_ANALYZER_NONNULL = YES;
				CLANG_ANALYZER_NUMBER_OBJECT_CONVERSION = YES_AGGRESSIVE;
				CLANG_CXX_LANGUAGE_STANDARD = "gnu++20";
				CLANG_ENABLE_MODULES = YES;
				CLANG_ENABLE_OBJC_ARC = YES;
				CLANG_ENABLE_OBJC_WEAK = YES;
				CLANG_WARN_BLOCK_CAPTURE_AUTORELEASING = YES;
				CLANG_WARN_BOOL_CONVERSION = YES;
				CLANG_WARN_COMMA = YES;
				CLANG_WARN_CONSTANT_CONVERSION = YES;
				CLANG_WARN_DEPRECATED_OBJC_IMPLEMENTATIONS = YES;
				CLANG_WARN_DIRECT_OBJC_ISA_USAGE = YES_ERROR;
				CLANG_WARN_DOCUMENTATION_COMMENTS = YES;
				CLANG_WARN_EMPTY_BODY = YES;
				CLANG_WARN_ENUM_CONVERSION = YES;
				CLANG_WARN_INFINITE_RECURSION = YES;
				CLANG_WARN_INT_CONVERSION = YES;
				CLANG_WARN_NON_LITERAL_NULL_CONVERSION = YES;
				CLANG_WARN_OBJC_IMPLICIT_RETAIN_SELF = YES;
				CLANG_WARN_OBJC_LITERAL_CONVERSION = YES;
				CLANG_WARN_OBJC_ROOT_CLASS = YES_ERROR;
				CLANG_WARN_QUOTED_INCLUDE_IN_FRAMEWORK_HEADER = YES;
				CLANG_WARN_RANGE_LOOP_ANALYSIS = YES;
				CLANG_WARN_STRICT_PROTOTYPES = YES;
				CLANG_WARN_SUSPICIOUS_MOVE = YES;
				CLANG_WARN_UNGUARDED_AVAILABILITY = YES_AGGRESSIVE;
				CLANG_WARN_UNREACHABLE_CODE = YES;
				CLANG_WARN__DUPLICATE_METHOD_MATCH = YES;
				COPY_PHASE_STRIP = NO;
				DEBUG_INFORMATION_FORMAT = "dwarf-with-dsym";
				ENABLE_NS_ASSERTIONS = NO;
				ENABLE_STRICT_OBJC_MSGSEND = YES;
				GCC_C_LANGUAGE_STANDARD = gnu11;
				GCC_NO_COMMON_BLOCKS = YES;
				GCC_WARN_64_TO_32_BIT_CONVERSION = YES;
				GCC_WARN_ABOUT_RETURN_TYPE = YES_ERROR;
				GCC_WARN_UNDECLARED_SELECTOR = YES;
				GCC_WARN_UNINITIALIZED_AUTOS = YES_AGGRESSIVE;
				GCC_WARN_UNUSED_FUNCTION = YES;
				GCC_WARN_UNUSED_VARIABLE = YES;
				IPHONEOS_DEPLOYMENT_TARGET = 16.2;
				MTL_ENABLE_DEBUG_INFO = NO;
				MTL_FAST_MATH = YES;
				SDKROOT = iphoneos;
				SWIFT_COMPILATION_MODE = wholemodule;
				SWIFT_OPTIMIZATION_LEVEL = "-O";
				VALIDATE_PRODUCT = YES;
			};
			name = Release;
		};
		8162BF5F2984434C001702FB /* Debug */ = {
			isa = XCBuildConfiguration;
			buildSettings = {
				ASSETCATALOG_COMPILER_APPICON_NAME = AppIcon;
				ASSETCATALOG_COMPILER_GLOBAL_ACCENT_COLOR_NAME = AccentColor;
				CODE_SIGN_STYLE = Automatic;
				CURRENT_PROJECT_VERSION = 1;
				DEVELOPMENT_ASSET_PATHS = "\"LottieAnimationsTest/Preview Content\"";
				DEVELOPMENT_TEAM = U2ZN2W2UQJ;
				ENABLE_PREVIEWS = YES;
				GENERATE_INFOPLIST_FILE = YES;
				INFOPLIST_KEY_UIApplicationSceneManifest_Generation = YES;
				INFOPLIST_KEY_UIApplicationSupportsIndirectInputEvents = YES;
				INFOPLIST_KEY_UILaunchScreen_Generation = YES;
				INFOPLIST_KEY_UISupportedInterfaceOrientations_iPad = "UIInterfaceOrientationPortrait UIInterfaceOrientationPortraitUpsideDown UIInterfaceOrientationLandscapeLeft UIInterfaceOrientationLandscapeRight";
				INFOPLIST_KEY_UISupportedInterfaceOrientations_iPhone = "UIInterfaceOrientationPortrait UIInterfaceOrientationLandscapeLeft UIInterfaceOrientationLandscapeRight";
				LD_RUNPATH_SEARCH_PATHS = (
					"$(inherited)",
					"@executable_path/Frameworks",
				);
				MARKETING_VERSION = 1.0;
				PRODUCT_BUNDLE_IDENTIFIER = ca.russellgordon.LottieAnimationsTest;
				PRODUCT_NAME = "$(TARGET_NAME)";
				SWIFT_EMIT_LOC_STRINGS = YES;
				SWIFT_VERSION = 5.0;
				TARGETED_DEVICE_FAMILY = "1,2";
			};
			name = Debug;
		};
		8162BF602984434C001702FB /* Release */ = {
			isa = XCBuildConfiguration;
			buildSettings = {
				ASSETCATALOG_COMPILER_APPICON_NAME = AppIcon;
				ASSETCATALOG_COMPILER_GLOBAL_ACCENT_COLOR_NAME = AccentColor;
				CODE_SIGN_STYLE = Automatic;
				CURRENT_PROJECT_VERSION = 1;
				DEVELOPMENT_ASSET_PATHS = "\"LottieAnimationsTest/Preview Content\"";
				DEVELOPMENT_TEAM = U2ZN2W2UQJ;
				ENABLE_PREVIEWS = YES;
				GENERATE_INFOPLIST_FILE = YES;
				INFOPLIST_KEY_UIApplicationSceneManifest_Generation = YES;
				INFOPLIST_KEY_UIApplicationSupportsIndirectInputEvents = YES;
				INFOPLIST_KEY_UILaunchScreen_Generation = YES;
				INFOPLIST_KEY_UISupportedInterfaceOrientations_iPad = "UIInterfaceOrientationPortrait UIInterfaceOrientationPortraitUpsideDown UIInterfaceOrientationLandscapeLeft UIInterfaceOrientationLandscapeRight";
				INFOPLIST_KEY_UISupportedInterfaceOrientations_iPhone = "UIInterfaceOrientationPortrait UIInterfaceOrientationLandscapeLeft UIInterfaceOrientationLandscapeRight";
				LD_RUNPATH_SEARCH_PATHS = (
					"$(inherited)",
					"@executable_path/Frameworks",
				);
				MARKETING_VERSION = 1.0;
				PRODUCT_BUNDLE_IDENTIFIER = ca.russellgordon.LottieAnimationsTest;
				PRODUCT_NAME = "$(TARGET_NAME)";
				SWIFT_EMIT_LOC_STRINGS = YES;
				SWIFT_VERSION = 5.0;
				TARGETED_DEVICE_FAMILY = "1,2";
			};
			name = Release;
		};
/* End XCBuildConfiguration section */

/* Begin XCConfigurationList section */
		8162BF4B2984434B001702FB /* Build configuration list for PBXProject "LottieAnimationsTest" */ = {
			isa = XCConfigurationList;
			buildConfigurations = (
				8162BF5C2984434C001702FB /* Debug */,
				8162BF5D2984434C001702FB /* Release */,
			);
			defaultConfigurationIsVisible = 0;
			defaultConfigurationName = Release;
		};
		8162BF5E2984434C001702FB /* Build configuration list for PBXNativeTarget "LottieAnimationsTest" */ = {
			isa = XCConfigurationList;
			buildConfigurations = (
				8162BF5F2984434C001702FB /* Debug */,
				8162BF602984434C001702FB /* Release */,
			);
			defaultConfigurationIsVisible = 0;
			defaultConfigurationName = Release;
		};
/* End XCConfigurationList section */

/* Begin XCRemoteSwiftPackageReference section */
		8162BF6A29844512001702FB /* XCRemoteSwiftPackageReference "lottie-ios" */ = {
			isa = XCRemoteSwiftPackageReference;
			repositoryURL = "https://github.com/airbnb/lottie-ios";
			requirement = {
				branch = master;
				kind = branch;
			};
		};
/* End XCRemoteSwiftPackageReference section */

/* Begin XCSwiftPackageProductDependency section */
		8162BF6B29844512001702FB /* Lottie */ = {
			isa = XCSwiftPackageProductDependency;
			package = 8162BF6A29844512001702FB /* XCRemoteSwiftPackageReference "lottie-ios" */;
			productName = Lottie;
		};
/* End XCSwiftPackageProductDependency section */
	};
	rootObject = 8162BF482984434B001702FB /* Project object */;
}
